{
  "requires": true,
  "lockfileVersion": 1,
  "dependencies": {
    "@supercharge/strings": {
      "version": "1.12.0",
      "resolved": "https://registry.npmjs.org/@supercharge/strings/-/strings-1.12.0.tgz",
      "integrity": "sha512-j6FlLkifTIBbK0xPSDuJOx/4d6WFsb7o8Oh/urgZiA64L16tT8zpK9IsLtdzzIKSyVmNHf6FYE9u7QJAllI1YQ==",
      "requires": {
        "uuid": "~8.3.0"
      }
    },
    "axios": {
      "version": "0.20.0",
      "resolved": "https://registry.npmjs.org/axios/-/axios-0.20.0.tgz",
      "integrity": "sha512-ANA4rr2BDcmmAQLOKft2fufrtuvlqR+cXNNinUmvfeSNCOF98PZL+7M/v1zIdGo7OLjEA9J2gXJL+j4zGsl0bA==",
      "requires": {
        "follow-redirects": "^1.10.0"
      }
    },
    "follow-redirects": {
      "version": "1.13.0",
      "resolved": "https://registry.npmjs.org/follow-redirects/-/follow-redirects-1.13.0.tgz",
      "integrity": "sha512-aq6gF1BEKje4a9i9+5jimNFIpq4Q1WiwBToeRK5NvZBd/TRsmW8BsJfOEGkr76TbOyPVD3OVDN910EcUNtRYEA=="
    },
    "nodemailer": {
      "version": "6.4.13",
      "resolved": "https://registry.npmjs.org/nodemailer/-/nodemailer-6.4.13.tgz",
      "integrity": "sha512-XmtiiKza2Cqtr+ZRMchMZn9s2nmwQDeakbf+yL0ODsIXOv58UZgk/MKPOkDKqY+mvxHs87PrJK7Nf/tcpKHqYQ=="
    },
    "uuid": {
      "version": "8.3.1",
      "resolved": "https://registry.npmjs.org/uuid/-/uuid-8.3.1.tgz",
      "integrity": "sha512-FOmRr+FmWEIG8uhZv6C2bTgEVXsHk08kE7mPlrBbEe+c3r9pjceVPgupIfNIhc4yx55H69OXANrUaSuu9eInKg=="
    }
  }
}
